
Microsoft Visual Studio Solution File, Format Version 12.00
# Visual Studio Version 17
VisualStudioVersion = 17.0.31903.59
MinimumVisualStudioVersion = 10.0.40219.1
Project("{2150E333-8FDC-42A3-9474-1A3956D46DE8}") = "Solution Items", "Solution Items", "{406E90DC-5CFD-4FFA-A86D-E05959602E36}"
	ProjectSection(SolutionItems) = preProject
		.editorconfig = .editorconfig
	EndProjectSection
EndProject
Project("{FAE04EC0-301F-11D3-BF4B-00C04F79EFBC}") = "SunamoCollections", "SunamoCollections\SunamoCollections.csproj", "{225DE3CF-81BA-4073-8680-F0AD4EDE9EE4}"
EndProject
Project("{FAE04EC0-301F-11D3-BF4B-00C04F79EFBC}") = "SunamoTextOutputGenerator", "SunamoTextOutputGenerator\SunamoTextOutputGenerator.csproj", "{5D3D7459-9941-4AC2-B363-8B617A124FCA}"
EndProject
Global
	GlobalSection(SolutionConfigurationPlatforms) = preSolution
		Debug|Any CPU = Debug|Any CPU
		Debug|x64 = Debug|x64
		Debug|x86 = Debug|x86
		Release|Any CPU = Release|Any CPU
		Release|x64 = Release|x64
		Release|x86 = Release|x86
	EndGlobalSection
	GlobalSection(ProjectConfigurationPlatforms) = postSolution
		{225DE3CF-81BA-4073-8680-F0AD4EDE9EE4}.Debug|Any CPU.ActiveCfg = Debug|Any CPU
		{225DE3CF-81BA-4073-8680-F0AD4EDE9EE4}.Debug|Any CPU.Build.0 = Debug|Any CPU
		{225DE3CF-81BA-4073-8680-F0AD4EDE9EE4}.Debug|x64.ActiveCfg = Debug|Any CPU
		{225DE3CF-81BA-4073-8680-F0AD4EDE9EE4}.Debug|x64.Build.0 = Debug|Any CPU
		{225DE3CF-81BA-4073-8680-F0AD4EDE9EE4}.Debug|x86.ActiveCfg = Debug|Any CPU
		{225DE3CF-81BA-4073-8680-F0AD4EDE9EE4}.Debug|x86.Build.0 = Debug|Any CPU
		{225DE3CF-81BA-4073-8680-F0AD4EDE9EE4}.Release|Any CPU.ActiveCfg = Release|Any CPU
		{225DE3CF-81BA-4073-8680-F0AD4EDE9EE4}.Release|Any CPU.Build.0 = Release|Any CPU
		{225DE3CF-81BA-4073-8680-F0AD4EDE9EE4}.Release|x64.ActiveCfg = Release|Any CPU
		{225DE3CF-81BA-4073-8680-F0AD4EDE9EE4}.Release|x64.Build.0 = Release|Any CPU
		{225DE3CF-81BA-4073-8680-F0AD4EDE9EE4}.Release|x86.ActiveCfg = Release|Any CPU
		{225DE3CF-81BA-4073-8680-F0AD4EDE9EE4}.Release|x86.Build.0 = Release|Any CPU
		{5D3D7459-9941-4AC2-B363-8B617A124FCA}.Debug|Any CPU.ActiveCfg = Debug|Any CPU
		{5D3D7459-9941-4AC2-B363-8B617A124FCA}.Debug|Any CPU.Build.0 = Debug|Any CPU
		{5D3D7459-9941-4AC2-B363-8B617A124FCA}.Debug|x64.ActiveCfg = Debug|Any CPU
		{5D3D7459-9941-4AC2-B363-8B617A124FCA}.Debug|x64.Build.0 = Debug|Any CPU
		{5D3D7459-9941-4AC2-B363-8B617A124FCA}.Debug|x86.ActiveCfg = Debug|Any CPU
		{5D3D7459-9941-4AC2-B363-8B617A124FCA}.Debug|x86.Build.0 = Debug|Any CPU
		{5D3D7459-9941-4AC2-B363-8B617A124FCA}.Release|Any CPU.ActiveCfg = Release|Any CPU
		{5D3D7459-9941-4AC2-B363-8B617A124FCA}.Release|Any CPU.Build.0 = Release|Any CPU
		{5D3D7459-9941-4AC2-B363-8B617A124FCA}.Release|x64.ActiveCfg = Release|Any CPU
		{5D3D7459-9941-4AC2-B363-8B617A124FCA}.Release|x64.Build.0 = Release|Any CPU
		{5D3D7459-9941-4AC2-B363-8B617A124FCA}.Release|x86.ActiveCfg = Release|Any CPU
		{5D3D7459-9941-4AC2-B363-8B617A124FCA}.Release|x86.Build.0 = Release|Any CPU
	EndGlobalSection
	GlobalSection(SolutionProperties) = preSolution
		HideSolutionNode = FALSE
	EndGlobalSection
	GlobalSection(ExtensibilityGlobals) = postSolution
		SolutionGuid = {84F3C097-FB6D-4264-9CE1-F1CF9693776E}
	EndGlobalSection
EndGlobal
