
Microsoft Visual Studio Solution File, Format Version 12.00
# Visual Studio Version 17
VisualStudioVersion = 17.0.31903.59
MinimumVisualStudioVersion = 10.0.40219.1
Project("{2150E333-8FDC-42A3-9474-1A3956D46DE8}") = "SunamoRegex", "SunamoRegex", "{A37474D9-64D9-4F2C-AAFA-8BBD8F8F9C4F}"
EndProject
Project("{FAE04EC0-301F-11D3-BF4B-00C04F79EFBC}") = "SunamoRegex", "SunamoRegex\SunamoRegex\SunamoRegex.csproj", "{41DEECE7-C6BA-42C6-88B3-4ADB43EDE15B}"
EndProject
Project("{2150E333-8FDC-42A3-9474-1A3956D46DE8}") = "SunamoRoslyn", "SunamoRoslyn", "{0321925B-0087-AFE6-CF68-0957CAA7AEBF}"
EndProject
Project("{FAE04EC0-301F-11D3-BF4B-00C04F79EFBC}") = "SunamoRoslyn", "SunamoRoslyn\SunamoRoslyn\SunamoRoslyn.csproj", "{5F44186F-B726-4A7A-8A84-6AC739B89E2D}"
EndProject
Project("{2150E333-8FDC-42A3-9474-1A3956D46DE8}") = "SunamoReflection", "SunamoReflection", "{1CE3CEDA-7DC5-18E0-A834-14668B7A19C5}"
EndProject
Project("{FAE04EC0-301F-11D3-BF4B-00C04F79EFBC}") = "SunamoReflection", "SunamoReflection\SunamoReflection\SunamoReflection.csproj", "{CC0FABC8-22AB-4F31-B356-2E26D3C1FBEE}"
EndProject
Project("{2150E333-8FDC-42A3-9474-1A3956D46DE8}") = "SunamoNumbers", "SunamoNumbers", "{F285FF55-A562-080B-7C3B-A50C0F83FB11}"
EndProject
Project("{FAE04EC0-301F-11D3-BF4B-00C04F79EFBC}") = "SunamoNumbers", "SunamoNumbers\SunamoNumbers\SunamoNumbers.csproj", "{6F13C85F-5928-4CDF-96C1-8B8D957FCCF7}"
EndProject
Project("{2150E333-8FDC-42A3-9474-1A3956D46DE8}") = "SunamoCollections", "SunamoCollections", "{EC126EE7-7EA6-C13A-5D0C-436B39136A56}"
EndProject
Project("{FAE04EC0-301F-11D3-BF4B-00C04F79EFBC}") = "SunamoCollections", "SunamoCollections\SunamoCollections\SunamoCollections.csproj", "{BA50B861-F505-42B2-9334-38E17987740E}"
EndProject
Project("{2150E333-8FDC-42A3-9474-1A3956D46DE8}") = "SunamoPlatformUwpInterop", "SunamoPlatformUwpInterop", "{504CCA55-D2D0-2C3A-039E-7E248B6991AD}"
EndProject
Project("{FAE04EC0-301F-11D3-BF4B-00C04F79EFBC}") = "SunamoPlatformUwpInterop", "SunamoPlatformUwpInterop\SunamoPlatformUwpInterop\SunamoPlatformUwpInterop.csproj", "{9C2DE206-0D55-4D45-9A64-3C0B0AFE077F}"
EndProject
Project("{2150E333-8FDC-42A3-9474-1A3956D46DE8}") = "SunamoLang", "SunamoLang", "{1075E087-9176-CE80-C320-D503A6A15328}"
EndProject
Project("{FAE04EC0-301F-11D3-BF4B-00C04F79EFBC}") = "SunamoLang", "SunamoLang\SunamoLang\SunamoLang.csproj", "{255754F4-ECC6-402E-890C-8D22BA626565}"
EndProject
Project("{2150E333-8FDC-42A3-9474-1A3956D46DE8}") = "SunamoEnums", "SunamoEnums", "{440F406C-3EBE-54DD-3E91-1F4159784CDB}"
EndProject
Project("{FAE04EC0-301F-11D3-BF4B-00C04F79EFBC}") = "SunamoEnums", "SunamoEnums\SunamoEnums\SunamoEnums.csproj", "{CF375D6C-68A3-4D50-8E5C-30E7DC638825}"
EndProject
Project("{2150E333-8FDC-42A3-9474-1A3956D46DE8}") = "SunamoDelegates", "SunamoDelegates", "{DD9E7412-FBCA-4F99-19AE-683A447A5130}"
EndProject
Project("{FAE04EC0-301F-11D3-BF4B-00C04F79EFBC}") = "SunamoDelegates", "SunamoDelegates\SunamoDelegates\SunamoDelegates.csproj", "{03606F55-C07C-43DF-A59B-5355A5FD5A61}"
EndProject
Project("{2150E333-8FDC-42A3-9474-1A3956D46DE8}") = "SunamoDotNetZip", "SunamoDotNetZip", "{BD6397B2-830E-58F0-695E-367D3D6A2F56}"
EndProject
Project("{FAE04EC0-301F-11D3-BF4B-00C04F79EFBC}") = "SunamoDotNetZip", "SunamoDotNetZip\SunamoDotNetZip\SunamoDotNetZip.csproj", "{FEE6BB3A-4AB9-4D81-9B97-6AC82BD831AE}"
EndProject
Global
	GlobalSection(SolutionConfigurationPlatforms) = preSolution
		Debug|Any CPU = Debug|Any CPU
		Debug|x64 = Debug|x64
		Debug|x86 = Debug|x86
		Release|Any CPU = Release|Any CPU
		Release|x64 = Release|x64
		Release|x86 = Release|x86
	EndGlobalSection
	GlobalSection(ProjectConfigurationPlatforms) = postSolution
		{41DEECE7-C6BA-42C6-88B3-4ADB43EDE15B}.Debug|Any CPU.ActiveCfg = Debug|Any CPU
		{41DEECE7-C6BA-42C6-88B3-4ADB43EDE15B}.Debug|Any CPU.Build.0 = Debug|Any CPU
		{41DEECE7-C6BA-42C6-88B3-4ADB43EDE15B}.Debug|x64.ActiveCfg = Debug|Any CPU
		{41DEECE7-C6BA-42C6-88B3-4ADB43EDE15B}.Debug|x64.Build.0 = Debug|Any CPU
		{41DEECE7-C6BA-42C6-88B3-4ADB43EDE15B}.Debug|x86.ActiveCfg = Debug|Any CPU
		{41DEECE7-C6BA-42C6-88B3-4ADB43EDE15B}.Debug|x86.Build.0 = Debug|Any CPU
		{41DEECE7-C6BA-42C6-88B3-4ADB43EDE15B}.Release|Any CPU.ActiveCfg = Release|Any CPU
		{41DEECE7-C6BA-42C6-88B3-4ADB43EDE15B}.Release|Any CPU.Build.0 = Release|Any CPU
		{41DEECE7-C6BA-42C6-88B3-4ADB43EDE15B}.Release|x64.ActiveCfg = Release|Any CPU
		{41DEECE7-C6BA-42C6-88B3-4ADB43EDE15B}.Release|x64.Build.0 = Release|Any CPU
		{41DEECE7-C6BA-42C6-88B3-4ADB43EDE15B}.Release|x86.ActiveCfg = Release|Any CPU
		{41DEECE7-C6BA-42C6-88B3-4ADB43EDE15B}.Release|x86.Build.0 = Release|Any CPU
		{5F44186F-B726-4A7A-8A84-6AC739B89E2D}.Debug|Any CPU.ActiveCfg = Debug|Any CPU
		{5F44186F-B726-4A7A-8A84-6AC739B89E2D}.Debug|Any CPU.Build.0 = Debug|Any CPU
		{5F44186F-B726-4A7A-8A84-6AC739B89E2D}.Debug|x64.ActiveCfg = Debug|Any CPU
		{5F44186F-B726-4A7A-8A84-6AC739B89E2D}.Debug|x64.Build.0 = Debug|Any CPU
		{5F44186F-B726-4A7A-8A84-6AC739B89E2D}.Debug|x86.ActiveCfg = Debug|Any CPU
		{5F44186F-B726-4A7A-8A84-6AC739B89E2D}.Debug|x86.Build.0 = Debug|Any CPU
		{5F44186F-B726-4A7A-8A84-6AC739B89E2D}.Release|Any CPU.ActiveCfg = Release|Any CPU
		{5F44186F-B726-4A7A-8A84-6AC739B89E2D}.Release|Any CPU.Build.0 = Release|Any CPU
		{5F44186F-B726-4A7A-8A84-6AC739B89E2D}.Release|x64.ActiveCfg = Release|Any CPU
		{5F44186F-B726-4A7A-8A84-6AC739B89E2D}.Release|x64.Build.0 = Release|Any CPU
		{5F44186F-B726-4A7A-8A84-6AC739B89E2D}.Release|x86.ActiveCfg = Release|Any CPU
		{5F44186F-B726-4A7A-8A84-6AC739B89E2D}.Release|x86.Build.0 = Release|Any CPU
		{CC0FABC8-22AB-4F31-B356-2E26D3C1FBEE}.Debug|Any CPU.ActiveCfg = Debug|Any CPU
		{CC0FABC8-22AB-4F31-B356-2E26D3C1FBEE}.Debug|Any CPU.Build.0 = Debug|Any CPU
		{CC0FABC8-22AB-4F31-B356-2E26D3C1FBEE}.Debug|x64.ActiveCfg = Debug|Any CPU
		{CC0FABC8-22AB-4F31-B356-2E26D3C1FBEE}.Debug|x64.Build.0 = Debug|Any CPU
		{CC0FABC8-22AB-4F31-B356-2E26D3C1FBEE}.Debug|x86.ActiveCfg = Debug|Any CPU
		{CC0FABC8-22AB-4F31-B356-2E26D3C1FBEE}.Debug|x86.Build.0 = Debug|Any CPU
		{CC0FABC8-22AB-4F31-B356-2E26D3C1FBEE}.Release|Any CPU.ActiveCfg = Release|Any CPU
		{CC0FABC8-22AB-4F31-B356-2E26D3C1FBEE}.Release|Any CPU.Build.0 = Release|Any CPU
		{CC0FABC8-22AB-4F31-B356-2E26D3C1FBEE}.Release|x64.ActiveCfg = Release|Any CPU
		{CC0FABC8-22AB-4F31-B356-2E26D3C1FBEE}.Release|x64.Build.0 = Release|Any CPU
		{CC0FABC8-22AB-4F31-B356-2E26D3C1FBEE}.Release|x86.ActiveCfg = Release|Any CPU
		{CC0FABC8-22AB-4F31-B356-2E26D3C1FBEE}.Release|x86.Build.0 = Release|Any CPU
		{6F13C85F-5928-4CDF-96C1-8B8D957FCCF7}.Debug|Any CPU.ActiveCfg = Debug|Any CPU
		{6F13C85F-5928-4CDF-96C1-8B8D957FCCF7}.Debug|Any CPU.Build.0 = Debug|Any CPU
		{6F13C85F-5928-4CDF-96C1-8B8D957FCCF7}.Debug|x64.ActiveCfg = Debug|Any CPU
		{6F13C85F-5928-4CDF-96C1-8B8D957FCCF7}.Debug|x64.Build.0 = Debug|Any CPU
		{6F13C85F-5928-4CDF-96C1-8B8D957FCCF7}.Debug|x86.ActiveCfg = Debug|Any CPU
		{6F13C85F-5928-4CDF-96C1-8B8D957FCCF7}.Debug|x86.Build.0 = Debug|Any CPU
		{6F13C85F-5928-4CDF-96C1-8B8D957FCCF7}.Release|Any CPU.ActiveCfg = Release|Any CPU
		{6F13C85F-5928-4CDF-96C1-8B8D957FCCF7}.Release|Any CPU.Build.0 = Release|Any CPU
		{6F13C85F-5928-4CDF-96C1-8B8D957FCCF7}.Release|x64.ActiveCfg = Release|Any CPU
		{6F13C85F-5928-4CDF-96C1-8B8D957FCCF7}.Release|x64.Build.0 = Release|Any CPU
		{6F13C85F-5928-4CDF-96C1-8B8D957FCCF7}.Release|x86.ActiveCfg = Release|Any CPU
		{6F13C85F-5928-4CDF-96C1-8B8D957FCCF7}.Release|x86.Build.0 = Release|Any CPU
		{BA50B861-F505-42B2-9334-38E17987740E}.Debug|Any CPU.ActiveCfg = Debug|Any CPU
		{BA50B861-F505-42B2-9334-38E17987740E}.Debug|Any CPU.Build.0 = Debug|Any CPU
		{BA50B861-F505-42B2-9334-38E17987740E}.Debug|x64.ActiveCfg = Debug|Any CPU
		{BA50B861-F505-42B2-9334-38E17987740E}.Debug|x64.Build.0 = Debug|Any CPU
		{BA50B861-F505-42B2-9334-38E17987740E}.Debug|x86.ActiveCfg = Debug|Any CPU
		{BA50B861-F505-42B2-9334-38E17987740E}.Debug|x86.Build.0 = Debug|Any CPU
		{BA50B861-F505-42B2-9334-38E17987740E}.Release|Any CPU.ActiveCfg = Release|Any CPU
		{BA50B861-F505-42B2-9334-38E17987740E}.Release|Any CPU.Build.0 = Release|Any CPU
		{BA50B861-F505-42B2-9334-38E17987740E}.Release|x64.ActiveCfg = Release|Any CPU
		{BA50B861-F505-42B2-9334-38E17987740E}.Release|x64.Build.0 = Release|Any CPU
		{BA50B861-F505-42B2-9334-38E17987740E}.Release|x86.ActiveCfg = Release|Any CPU
		{BA50B861-F505-42B2-9334-38E17987740E}.Release|x86.Build.0 = Release|Any CPU
		{9C2DE206-0D55-4D45-9A64-3C0B0AFE077F}.Debug|Any CPU.ActiveCfg = Debug|Any CPU
		{9C2DE206-0D55-4D45-9A64-3C0B0AFE077F}.Debug|Any CPU.Build.0 = Debug|Any CPU
		{9C2DE206-0D55-4D45-9A64-3C0B0AFE077F}.Debug|x64.ActiveCfg = Debug|Any CPU
		{9C2DE206-0D55-4D45-9A64-3C0B0AFE077F}.Debug|x64.Build.0 = Debug|Any CPU
		{9C2DE206-0D55-4D45-9A64-3C0B0AFE077F}.Debug|x86.ActiveCfg = Debug|Any CPU
		{9C2DE206-0D55-4D45-9A64-3C0B0AFE077F}.Debug|x86.Build.0 = Debug|Any CPU
		{9C2DE206-0D55-4D45-9A64-3C0B0AFE077F}.Release|Any CPU.ActiveCfg = Release|Any CPU
		{9C2DE206-0D55-4D45-9A64-3C0B0AFE077F}.Release|Any CPU.Build.0 = Release|Any CPU
		{9C2DE206-0D55-4D45-9A64-3C0B0AFE077F}.Release|x64.ActiveCfg = Release|Any CPU
		{9C2DE206-0D55-4D45-9A64-3C0B0AFE077F}.Release|x64.Build.0 = Release|Any CPU
		{9C2DE206-0D55-4D45-9A64-3C0B0AFE077F}.Release|x86.ActiveCfg = Release|Any CPU
		{9C2DE206-0D55-4D45-9A64-3C0B0AFE077F}.Release|x86.Build.0 = Release|Any CPU
		{255754F4-ECC6-402E-890C-8D22BA626565}.Debug|Any CPU.ActiveCfg = Debug|Any CPU
		{255754F4-ECC6-402E-890C-8D22BA626565}.Debug|Any CPU.Build.0 = Debug|Any CPU
		{255754F4-ECC6-402E-890C-8D22BA626565}.Debug|x64.ActiveCfg = Debug|Any CPU
		{255754F4-ECC6-402E-890C-8D22BA626565}.Debug|x64.Build.0 = Debug|Any CPU
		{255754F4-ECC6-402E-890C-8D22BA626565}.Debug|x86.ActiveCfg = Debug|x86
		{255754F4-ECC6-402E-890C-8D22BA626565}.Debug|x86.Build.0 = Debug|x86
		{255754F4-ECC6-402E-890C-8D22BA626565}.Release|Any CPU.ActiveCfg = Release|Any CPU
		{255754F4-ECC6-402E-890C-8D22BA626565}.Release|Any CPU.Build.0 = Release|Any CPU
		{255754F4-ECC6-402E-890C-8D22BA626565}.Release|x64.ActiveCfg = Release|Any CPU
		{255754F4-ECC6-402E-890C-8D22BA626565}.Release|x64.Build.0 = Release|Any CPU
		{255754F4-ECC6-402E-890C-8D22BA626565}.Release|x86.ActiveCfg = Release|x86
		{255754F4-ECC6-402E-890C-8D22BA626565}.Release|x86.Build.0 = Release|x86
		{CF375D6C-68A3-4D50-8E5C-30E7DC638825}.Debug|Any CPU.ActiveCfg = Debug|Any CPU
		{CF375D6C-68A3-4D50-8E5C-30E7DC638825}.Debug|Any CPU.Build.0 = Debug|Any CPU
		{CF375D6C-68A3-4D50-8E5C-30E7DC638825}.Debug|x64.ActiveCfg = Debug|Any CPU
		{CF375D6C-68A3-4D50-8E5C-30E7DC638825}.Debug|x64.Build.0 = Debug|Any CPU
		{CF375D6C-68A3-4D50-8E5C-30E7DC638825}.Debug|x86.ActiveCfg = Debug|Any CPU
		{CF375D6C-68A3-4D50-8E5C-30E7DC638825}.Debug|x86.Build.0 = Debug|Any CPU
		{CF375D6C-68A3-4D50-8E5C-30E7DC638825}.Release|Any CPU.ActiveCfg = Release|Any CPU
		{CF375D6C-68A3-4D50-8E5C-30E7DC638825}.Release|Any CPU.Build.0 = Release|Any CPU
		{CF375D6C-68A3-4D50-8E5C-30E7DC638825}.Release|x64.ActiveCfg = Release|Any CPU
		{CF375D6C-68A3-4D50-8E5C-30E7DC638825}.Release|x64.Build.0 = Release|Any CPU
		{CF375D6C-68A3-4D50-8E5C-30E7DC638825}.Release|x86.ActiveCfg = Release|Any CPU
		{CF375D6C-68A3-4D50-8E5C-30E7DC638825}.Release|x86.Build.0 = Release|Any CPU
		{03606F55-C07C-43DF-A59B-5355A5FD5A61}.Debug|Any CPU.ActiveCfg = Debug|Any CPU
		{03606F55-C07C-43DF-A59B-5355A5FD5A61}.Debug|Any CPU.Build.0 = Debug|Any CPU
		{03606F55-C07C-43DF-A59B-5355A5FD5A61}.Debug|x64.ActiveCfg = Debug|Any CPU
		{03606F55-C07C-43DF-A59B-5355A5FD5A61}.Debug|x64.Build.0 = Debug|Any CPU
		{03606F55-C07C-43DF-A59B-5355A5FD5A61}.Debug|x86.ActiveCfg = Debug|Any CPU
		{03606F55-C07C-43DF-A59B-5355A5FD5A61}.Debug|x86.Build.0 = Debug|Any CPU
		{03606F55-C07C-43DF-A59B-5355A5FD5A61}.Release|Any CPU.ActiveCfg = Release|Any CPU
		{03606F55-C07C-43DF-A59B-5355A5FD5A61}.Release|Any CPU.Build.0 = Release|Any CPU
		{03606F55-C07C-43DF-A59B-5355A5FD5A61}.Release|x64.ActiveCfg = Release|Any CPU
		{03606F55-C07C-43DF-A59B-5355A5FD5A61}.Release|x64.Build.0 = Release|Any CPU
		{03606F55-C07C-43DF-A59B-5355A5FD5A61}.Release|x86.ActiveCfg = Release|Any CPU
		{03606F55-C07C-43DF-A59B-5355A5FD5A61}.Release|x86.Build.0 = Release|Any CPU
		{FEE6BB3A-4AB9-4D81-9B97-6AC82BD831AE}.Debug|Any CPU.ActiveCfg = Debug|Any CPU
		{FEE6BB3A-4AB9-4D81-9B97-6AC82BD831AE}.Debug|Any CPU.Build.0 = Debug|Any CPU
		{FEE6BB3A-4AB9-4D81-9B97-6AC82BD831AE}.Debug|x64.ActiveCfg = Debug|Any CPU
		{FEE6BB3A-4AB9-4D81-9B97-6AC82BD831AE}.Debug|x64.Build.0 = Debug|Any CPU
		{FEE6BB3A-4AB9-4D81-9B97-6AC82BD831AE}.Debug|x86.ActiveCfg = Debug|Any CPU
		{FEE6BB3A-4AB9-4D81-9B97-6AC82BD831AE}.Debug|x86.Build.0 = Debug|Any CPU
		{FEE6BB3A-4AB9-4D81-9B97-6AC82BD831AE}.Release|Any CPU.ActiveCfg = Release|Any CPU
		{FEE6BB3A-4AB9-4D81-9B97-6AC82BD831AE}.Release|Any CPU.Build.0 = Release|Any CPU
		{FEE6BB3A-4AB9-4D81-9B97-6AC82BD831AE}.Release|x64.ActiveCfg = Release|Any CPU
		{FEE6BB3A-4AB9-4D81-9B97-6AC82BD831AE}.Release|x64.Build.0 = Release|Any CPU
		{FEE6BB3A-4AB9-4D81-9B97-6AC82BD831AE}.Release|x86.ActiveCfg = Release|Any CPU
		{FEE6BB3A-4AB9-4D81-9B97-6AC82BD831AE}.Release|x86.Build.0 = Release|Any CPU
	EndGlobalSection
	GlobalSection(SolutionProperties) = preSolution
		HideSolutionNode = FALSE
	EndGlobalSection
	GlobalSection(NestedProjects) = preSolution
		{41DEECE7-C6BA-42C6-88B3-4ADB43EDE15B} = {A37474D9-64D9-4F2C-AAFA-8BBD8F8F9C4F}
		{5F44186F-B726-4A7A-8A84-6AC739B89E2D} = {0321925B-0087-AFE6-CF68-0957CAA7AEBF}
		{CC0FABC8-22AB-4F31-B356-2E26D3C1FBEE} = {1CE3CEDA-7DC5-18E0-A834-14668B7A19C5}
		{6F13C85F-5928-4CDF-96C1-8B8D957FCCF7} = {F285FF55-A562-080B-7C3B-A50C0F83FB11}
		{BA50B861-F505-42B2-9334-38E17987740E} = {EC126EE7-7EA6-C13A-5D0C-436B39136A56}
		{9C2DE206-0D55-4D45-9A64-3C0B0AFE077F} = {504CCA55-D2D0-2C3A-039E-7E248B6991AD}
		{255754F4-ECC6-402E-890C-8D22BA626565} = {1075E087-9176-CE80-C320-D503A6A15328}
		{CF375D6C-68A3-4D50-8E5C-30E7DC638825} = {440F406C-3EBE-54DD-3E91-1F4159784CDB}
		{03606F55-C07C-43DF-A59B-5355A5FD5A61} = {DD9E7412-FBCA-4F99-19AE-683A447A5130}
		{FEE6BB3A-4AB9-4D81-9B97-6AC82BD831AE} = {BD6397B2-830E-58F0-695E-367D3D6A2F56}
	EndGlobalSection
EndGlobal
